
Microsoft Visual Studio Solution File, Format Version 11.00
# Visual Studio 2010
Project("{FAE04EC0-301F-11D3-BF4B-00C04F79EFBC}") = "DaydreamTest1", "Assembly-CSharp.csproj", "{EDCC5A1C-E0C3-0E30-BD78-1C3060309F0A}"
EndProject
Project("{FAE04EC0-301F-11D3-BF4B-00C04F79EFBC}") = "DaydreamTest1", "Assembly-CSharp-Editor.csproj", "{3DF3C6FF-C16E-B8AF-03EB-344BE51E1951}"
EndProject
Global
	GlobalSection(SolutionConfigurationPlatforms) = preSolution
		Debug|Any CPU = Debug|Any CPU
		Release|Any CPU = Release|Any CPU
	EndGlobalSection
	GlobalSection(ProjectConfigurationPlatforms) = postSolution
		{EDCC5A1C-E0C3-0E30-BD78-1C3060309F0A}.Debug|Any CPU.ActiveCfg = Debug|Any CPU
		{EDCC5A1C-E0C3-0E30-BD78-1C3060309F0A}.Debug|Any CPU.Build.0 = Debug|Any CPU
		{EDCC5A1C-E0C3-0E30-BD78-1C3060309F0A}.Release|Any CPU.ActiveCfg = Release|Any CPU
		{EDCC5A1C-E0C3-0E30-BD78-1C3060309F0A}.Release|Any CPU.Build.0 = Release|Any CPU
		{3DF3C6FF-C16E-B8AF-03EB-344BE51E1951}.Debug|Any CPU.ActiveCfg = Debug|Any CPU
		{3DF3C6FF-C16E-B8AF-03EB-344BE51E1951}.Debug|Any CPU.Build.0 = Debug|Any CPU
		{3DF3C6FF-C16E-B8AF-03EB-344BE51E1951}.Release|Any CPU.ActiveCfg = Release|Any CPU
		{3DF3C6FF-C16E-B8AF-03EB-344BE51E1951}.Release|Any CPU.Build.0 = Release|Any CPU
	EndGlobalSection
	GlobalSection(SolutionProperties) = preSolution
		HideSolutionNode = FALSE
	EndGlobalSection
	GlobalSection(MonoDevelopProperties) = preSolution
		StartupItem = Assembly-CSharp.csproj
	EndGlobalSection
EndGlobal
